
Microsoft Visual Studio Solution File, Format Version 12.00
# Visual Studio 15
VisualStudioVersion = 15.0.26621.2
MinimumVisualStudioVersion = 10.0.40219.1
Project("{9A19103F-16F7-4668-BE54-9A1E7A4F7556}") = "Triggers", "Triggers\Triggers.csproj", "{355E2A18-577D-4A40-B97F-B0492D02F302}"
EndProject
Project("{FAE04EC0-301F-11D3-BF4B-00C04F79EFBC}") = "Common", "Common\Common.csproj", "{BF6F1FF3-D5F7-4A18-A027-F9D4A6574B72}"
EndProject
Project("{FAE04EC0-301F-11D3-BF4B-00C04F79EFBC}") = "Poker", "Poker\Poker.csproj", "{A5DA4FBF-0BD1-4963-9397-80FCF8157DED}"
EndProject
Global
	GlobalSection(SolutionConfigurationPlatforms) = preSolution
		Debug|Any CPU = Debug|Any CPU
		Release|Any CPU = Release|Any CPU
	EndGlobalSection
	GlobalSection(ProjectConfigurationPlatforms) = postSolution
		{355E2A18-577D-4A40-B97F-B0492D02F302}.Debug|Any CPU.ActiveCfg = Debug|Any CPU
		{355E2A18-577D-4A40-B97F-B0492D02F302}.Debug|Any CPU.Build.0 = Debug|Any CPU
		{355E2A18-577D-4A40-B97F-B0492D02F302}.Release|Any CPU.ActiveCfg = Release|Any CPU
		{355E2A18-577D-4A40-B97F-B0492D02F302}.Release|Any CPU.Build.0 = Release|Any CPU
		{BF6F1FF3-D5F7-4A18-A027-F9D4A6574B72}.Debug|Any CPU.ActiveCfg = Debug|Any CPU
		{BF6F1FF3-D5F7-4A18-A027-F9D4A6574B72}.Debug|Any CPU.Build.0 = Debug|Any CPU
		{BF6F1FF3-D5F7-4A18-A027-F9D4A6574B72}.Release|Any CPU.ActiveCfg = Release|Any CPU
		{BF6F1FF3-D5F7-4A18-A027-F9D4A6574B72}.Release|Any CPU.Build.0 = Release|Any CPU
		{A5DA4FBF-0BD1-4963-9397-80FCF8157DED}.Debug|Any CPU.ActiveCfg = Debug|Any CPU
		{A5DA4FBF-0BD1-4963-9397-80FCF8157DED}.Debug|Any CPU.Build.0 = Debug|Any CPU
		{A5DA4FBF-0BD1-4963-9397-80FCF8157DED}.Release|Any CPU.ActiveCfg = Release|Any CPU
		{A5DA4FBF-0BD1-4963-9397-80FCF8157DED}.Release|Any CPU.Build.0 = Release|Any CPU
	EndGlobalSection
	GlobalSection(SolutionProperties) = preSolution
		HideSolutionNode = FALSE
	EndGlobalSection
	GlobalSection(ExtensibilityGlobals) = postSolution
		SolutionGuid = {B03C3208-EF30-403E-9C51-22B6CBCCA16D}
	EndGlobalSection
EndGlobal
